
Microsoft Visual Studio Solution File, Format Version 12.00
# Visual Studio 14
VisualStudioVersion = 14.0.23107.0
MinimumVisualStudioVersion = 10.0.40219.1
Project("{8BC9CEB8-8B4A-11D0-8D11-00A0C91BC942}") = "tetris_ai_runner", "tetris_ai_runner.vcxproj", "{2EF25942-7BE9-41F8-B540-DAE8034BE8F7}"
EndProject
Project("{8BC9CEB8-8B4A-11D0-8D11-00A0C91BC942}") = "tetris_ai_dll", "tetris_ai_dll.vcxproj", "{7190EA95-4DF4-4F70-AC20-194B0FB7B6E2}"
EndProject
Project("{8BC9CEB8-8B4A-11D0-8D11-00A0C91BC942}") = "the_ai_games", "the_ai_games.vcxproj", "{5A4C9125-3594-4784-96F8-FC7B4C060F13}"
EndProject
Global
	GlobalSection(SolutionConfigurationPlatforms) = preSolution
		Debug|Win32 = Debug|Win32
		Release|Win32 = Release|Win32
	EndGlobalSection
	GlobalSection(ProjectConfigurationPlatforms) = postSolution
		{2EF25942-7BE9-41F8-B540-DAE8034BE8F7}.Debug|Win32.ActiveCfg = Debug|Win32
		{2EF25942-7BE9-41F8-B540-DAE8034BE8F7}.Debug|Win32.Build.0 = Debug|Win32
		{2EF25942-7BE9-41F8-B540-DAE8034BE8F7}.Release|Win32.ActiveCfg = Release|Win32
		{2EF25942-7BE9-41F8-B540-DAE8034BE8F7}.Release|Win32.Build.0 = Release|Win32
		{7190EA95-4DF4-4F70-AC20-194B0FB7B6E2}.Debug|Win32.ActiveCfg = Debug|Win32
		{7190EA95-4DF4-4F70-AC20-194B0FB7B6E2}.Debug|Win32.Build.0 = Debug|Win32
		{7190EA95-4DF4-4F70-AC20-194B0FB7B6E2}.Release|Win32.ActiveCfg = Release|Win32
		{7190EA95-4DF4-4F70-AC20-194B0FB7B6E2}.Release|Win32.Build.0 = Release|Win32
		{5A4C9125-3594-4784-96F8-FC7B4C060F13}.Debug|Win32.ActiveCfg = Debug|Win32
		{5A4C9125-3594-4784-96F8-FC7B4C060F13}.Debug|Win32.Build.0 = Debug|Win32
		{5A4C9125-3594-4784-96F8-FC7B4C060F13}.Release|Win32.ActiveCfg = Release|Win32
		{5A4C9125-3594-4784-96F8-FC7B4C060F13}.Release|Win32.Build.0 = Release|Win32
	EndGlobalSection
	GlobalSection(SolutionProperties) = preSolution
		HideSolutionNode = FALSE
	EndGlobalSection
EndGlobal
