<?xml version="1.0" encoding="utf-8"?>
<Project ToolsVersion="4.0" xmlns="http://schemas.microsoft.com/developer/msbuild/2003">
  <ItemGroup>
    <ClCompile Include="src\rule_srs.cpp">
      <Filter>rules\srs</Filter>
    </ClCompile>
    <ClCompile Include="src\dllmain.c" />
    <ClCompile Include="src\tetris_core.cpp" />
    <ClCompile Include="src\land_point_search_path.cpp">
      <Filter>land_point_search\path</Filter>
    </ClCompile>
    <ClCompile Include="src\land_point_search_simple.cpp">
      <Filter>land_point_search\simple</Filter>
    </ClCompile>
    <ClCompile Include="src\rule_qq.cpp">
      <Filter>rules\qq</Filter>
    </ClCompile>
    <ClCompile Include="src\rule_st.cpp">
      <Filter>rules\st</Filter>
    </ClCompile>
    <ClCompile Include="src\ai_zzz.cpp">
      <Filter>ai\zzz</Filter>
    </ClCompile>
    <ClCompile Include="src\ai_ax.cpp">
      <Filter>ai\ax</Filter>
    </ClCompile>
    <ClCompile Include="src\land_point_search_cautious.cpp">
      <Filter>land_point_search\cautious</Filter>
    </ClCompile>
    <ClCompile Include="src\land_point_search_simulate.cpp">
      <Filter>land_point_search\simulate</Filter>
    </ClCompile>
    <ClCompile Include="src\integer_utils.cpp">
      <Filter>util</Filter>
    </ClCompile>
    <ClCompile Include="src\random.cpp">
      <Filter>util</Filter>
    </ClCompile>
    <ClCompile Include="src\vs.cpp" />
    <ClCompile Include="src\rule_srsx.cpp">
      <Filter>rules\srsx</Filter>
    </ClCompile>
    <ClCompile Include="src\land_point_search_tspin.cpp">
      <Filter>land_point_search\tspin</Filter>
    </ClCompile>
    <ClCompile Include="src\ai_farteryhr.cpp">
      <Filter>ai\farteryhr</Filter>
    </ClCompile>
    <ClCompile Include="src\rule_toj.cpp">
      <Filter>rules\toj</Filter>
    </ClCompile>
  </ItemGroup>
  <ItemGroup>
    <ClInclude Include="src\rule_srs.h">
      <Filter>rules\srs</Filter>
    </ClInclude>
    <ClInclude Include="src\tetris_core.h" />
    <ClInclude Include="src\land_point_search_path.h">
      <Filter>land_point_search\path</Filter>
    </ClInclude>
    <ClInclude Include="src\land_point_search_simple.h">
      <Filter>land_point_search\simple</Filter>
    </ClInclude>
    <ClInclude Include="src\rule_qq.h">
      <Filter>rules\qq</Filter>
    </ClInclude>
    <ClInclude Include="src\rule_st.h">
      <Filter>rules\st</Filter>
    </ClInclude>
    <ClInclude Include="src\ai_zzz.h">
      <Filter>ai\zzz</Filter>
    </ClInclude>
    <ClInclude Include="src\ai_ax.h">
      <Filter>ai\ax</Filter>
    </ClInclude>
    <ClInclude Include="src\land_point_search_cautious.h">
      <Filter>land_point_search\cautious</Filter>
    </ClInclude>
    <ClInclude Include="src\land_point_search_simulate.h">
      <Filter>land_point_search\simulate</Filter>
    </ClInclude>
    <ClInclude Include="src\integer_utils.h">
      <Filter>util</Filter>
    </ClInclude>
    <ClInclude Include="src\random.h">
      <Filter>util</Filter>
    </ClInclude>
    <ClInclude Include="src\rule_srsx.h">
      <Filter>rules\srsx</Filter>
    </ClInclude>
    <ClInclude Include="src\land_point_search_tspin.h">
      <Filter>land_point_search\tspin</Filter>
    </ClInclude>
    <ClInclude Include="src\ai_easy.h">
      <Filter>ai\easy</Filter>
    </ClInclude>
    <ClInclude Include="src\ai_farteryhr.h">
      <Filter>ai\farteryhr</Filter>
    </ClInclude>
    <ClInclude Include="src\rule_toj.h">
      <Filter>rules\toj</Filter>
    </ClInclude>
    <ClInclude Include="src\rb_tree.h">
      <Filter>util</Filter>
    </ClInclude>
  </ItemGroup>
  <ItemGroup>
    <Filter Include="rules">
      <UniqueIdentifier>{fc1e0c2f-f7c4-48a1-9bfa-c4c831f891f9}</UniqueIdentifier>
    </Filter>
    <Filter Include="rules\st">
      <UniqueIdentifier>{677e0567-341f-404a-83af-d9615b4522fb}</UniqueIdentifier>
    </Filter>
    <Filter Include="ai">
      <UniqueIdentifier>{824db86c-fbb6-4f7b-9b4d-24bde6f0501b}</UniqueIdentifier>
    </Filter>
    <Filter Include="land_point_search">
      <UniqueIdentifier>{2c7d56ab-e7cb-4726-b343-411785ace0b8}</UniqueIdentifier>
    </Filter>
    <Filter Include="land_point_search\simple">
      <UniqueIdentifier>{24cb6bc2-0abf-4c72-826f-c433aa2d31b1}</UniqueIdentifier>
    </Filter>
    <Filter Include="land_point_search\path">
      <UniqueIdentifier>{e174a12c-a5e5-458a-90aa-72fcc63c0f03}</UniqueIdentifier>
    </Filter>
    <Filter Include="ai\ax">
      <UniqueIdentifier>{6813cfa7-88df-4217-a710-edeb76ffb8de}</UniqueIdentifier>
    </Filter>
    <Filter Include="rules\qq">
      <UniqueIdentifier>{28b595c2-95a3-4b60-840c-3d0620ee04e0}</UniqueIdentifier>
    </Filter>
    <Filter Include="rules\srs">
      <UniqueIdentifier>{ca04dd2e-4988-4aab-bb6c-2e0bfb24d505}</UniqueIdentifier>
    </Filter>
    <Filter Include="ai\zzz">
      <UniqueIdentifier>{17867b95-f48e-4c79-9352-827e8d9ff322}</UniqueIdentifier>
    </Filter>
    <Filter Include="land_point_search\cautious">
      <UniqueIdentifier>{6df7d9c8-f940-4473-a596-db2b0324de0c}</UniqueIdentifier>
    </Filter>
    <Filter Include="land_point_search\simulate">
      <UniqueIdentifier>{3fd41077-54f2-4242-99d9-717889aa8de3}</UniqueIdentifier>
    </Filter>
    <Filter Include="util">
      <UniqueIdentifier>{f4efb2af-b96a-4959-af8c-55c0b28240ab}</UniqueIdentifier>
    </Filter>
    <Filter Include="rules\srsx">
      <UniqueIdentifier>{02477aa6-30a8-48a2-be01-5e167e70cd1c}</UniqueIdentifier>
    </Filter>
    <Filter Include="land_point_search\tspin">
      <UniqueIdentifier>{a3464f38-c29d-4aa0-b859-2f0a05c3f2ea}</UniqueIdentifier>
    </Filter>
    <Filter Include="ai\easy">
      <UniqueIdentifier>{76dff1d7-ccd2-4913-95a0-4aa877216740}</UniqueIdentifier>
    </Filter>
    <Filter Include="ai\farteryhr">
      <UniqueIdentifier>{0574e13d-108d-49ea-9681-875afda47edf}</UniqueIdentifier>
    </Filter>
    <Filter Include="rules\toj">
      <UniqueIdentifier>{a7357bb7-1496-4b42-93ba-1ca197f72e25}</UniqueIdentifier>
    </Filter>
  </ItemGroup>
</Project>